// !$*UTF8*$!
{
	archiveVersion = 1;
	classes = {
	};
	objectVersion = 50;
	objects = {

/* Begin PBXBuildFile section */
		3637FEC32379AE8800C740D9 /* AppDelegate.swift in Sources */ = {isa = PBXBuildFile; fileRef = 3637FEC22379AE8800C740D9 /* AppDelegate.swift */; };
		3637FEC52379AE8800C740D9 /* SceneDelegate.swift in Sources */ = {isa = PBXBuildFile; fileRef = 3637FEC42379AE8800C740D9 /* SceneDelegate.swift */; };
		3637FEC72379AE8800C740D9 /* ViewController.swift in Sources */ = {isa = PBXBuildFile; fileRef = 3637FEC62379AE8800C740D9 /* ViewController.swift */; };
		3637FECA2379AE8800C740D9 /* Main.storyboard in Resources */ = {isa = PBXBuildFile; fileRef = 3637FEC82379AE8800C740D9 /* Main.storyboard */; };
		3637FECD2379AE8800C740D9 /* PlanYourDay.xcdatamodeld in Sources */ = {isa = PBXBuildFile; fileRef = 3637FECB2379AE8800C740D9 /* PlanYourDay.xcdatamodeld */; };
		3637FECF2379AE8A00C740D9 /* Assets.xcassets in Resources */ = {isa = PBXBuildFile; fileRef = 3637FECE2379AE8A00C740D9 /* Assets.xcassets */; };
		3637FED22379AE8A00C740D9 /* LaunchScreen.storyboard in Resources */ = {isa = PBXBuildFile; fileRef = 3637FED02379AE8A00C740D9 /* LaunchScreen.storyboard */; };
		3637FEDD2379AE8B00C740D9 /* PlanYourDayTests.swift in Sources */ = {isa = PBXBuildFile; fileRef = 3637FEDC2379AE8B00C740D9 /* PlanYourDayTests.swift */; };
		3637FEE82379AE8B00C740D9 /* PlanYourDayUITests.swift in Sources */ = {isa = PBXBuildFile; fileRef = 3637FEE72379AE8B00C740D9 /* PlanYourDayUITests.swift */; };
		3637FEFC2379D51800C740D9 /* TabBarViewController.swift in Sources */ = {isa = PBXBuildFile; fileRef = 3637FEFB2379D51800C740D9 /* TabBarViewController.swift */; };
/* End PBXBuildFile section */

/* Begin PBXContainerItemProxy section */
		3637FED92379AE8B00C740D9 /* PBXContainerItemProxy */ = {
			isa = PBXContainerItemProxy;
			containerPortal = 3637FEB72379AE8800C740D9 /* Project object */;
			proxyType = 1;
			remoteGlobalIDString = 3637FEBE2379AE8800C740D9;
			remoteInfo = PlanYourDay;
		};
		3637FEE42379AE8B00C740D9 /* PBXContainerItemProxy */ = {
			isa = PBXContainerItemProxy;
			containerPortal = 3637FEB72379AE8800C740D9 /* Project object */;
			proxyType = 1;
			remoteGlobalIDString = 3637FEBE2379AE8800C740D9;
			remoteInfo = PlanYourDay;
		};
/* End PBXContainerItemProxy section */

/* Begin PBXFileReference section */
		3637FEBF2379AE8800C740D9 /* PlanYourDay.app */ = {isa = PBXFileReference; explicitFileType = wrapper.application; includeInIndex = 0; path = PlanYourDay.app; sourceTree = BUILT_PRODUCTS_DIR; };
		3637FEC22379AE8800C740D9 /* AppDelegate.swift */ = {isa = PBXFileReference; lastKnownFileType = sourcecode.swift; path = AppDelegate.swift; sourceTree = "<group>"; };
		3637FEC42379AE8800C740D9 /* SceneDelegate.swift */ = {isa = PBXFileReference; lastKnownFileType = sourcecode.swift; path = SceneDelegate.swift; sourceTree = "<group>"; };
		3637FEC62379AE8800C740D9 /* ViewController.swift */ = {isa = PBXFileReference; lastKnownFileType = sourcecode.swift; path = ViewController.swift; sourceTree = "<group>"; };
		3637FEC92379AE8800C740D9 /* Base */ = {isa = PBXFileReference; lastKnownFileType = file.storyboard; name = Base; path = Base.lproj/Main.storyboard; sourceTree = "<group>"; };
		3637FECC2379AE8800C740D9 /* PlanYourDay.xcdatamodel */ = {isa = PBXFileReference; lastKnownFileType = wrapper.xcdatamodel; path = PlanYourDay.xcdatamodel; sourceTree = "<group>"; };
		3637FECE2379AE8A00C740D9 /* Assets.xcassets */ = {isa = PBXFileReference; lastKnownFileType = folder.assetcatalog; path = Assets.xcassets; sourceTree = "<group>"; };
		3637FED12379AE8A00C740D9 /* Base */ = {isa = PBXFileReference; lastKnownFileType = file.storyboard; name = Base; path = Base.lproj/LaunchScreen.storyboard; sourceTree = "<group>"; };
		3637FED32379AE8A00C740D9 /* Info.plist */ = {isa = PBXFileReference; lastKnownFileType = text.plist.xml; path = Info.plist; sourceTree = "<group>"; };
		3637FED82379AE8B00C740D9 /* PlanYourDayTests.xctest */ = {isa = PBXFileReference; explicitFileType = wrapper.cfbundle; includeInIndex = 0; path = PlanYourDayTests.xctest; sourceTree = BUILT_PRODUCTS_DIR; };
		3637FEDC2379AE8B00C740D9 /* PlanYourDayTests.swift */ = {isa = PBXFileReference; lastKnownFileType = sourcecode.swift; path = PlanYourDayTests.swift; sourceTree = "<group>"; };
		3637FEDE2379AE8B00C740D9 /* Info.plist */ = {isa = PBXFileReference; lastKnownFileType = text.plist.xml; path = Info.plist; sourceTree = "<group>"; };
		3637FEE32379AE8B00C740D9 /* PlanYourDayUITests.xctest */ = {isa = PBXFileReference; explicitFileType = wrapper.cfbundle; includeInIndex = 0; path = PlanYourDayUITests.xctest; sourceTree = BUILT_PRODUCTS_DIR; };
		3637FEE72379AE8B00C740D9 /* PlanYourDayUITests.swift */ = {isa = PBXFileReference; lastKnownFileType = sourcecode.swift; path = PlanYourDayUITests.swift; sourceTree = "<group>"; };
		3637FEE92379AE8B00C740D9 /* Info.plist */ = {isa = PBXFileReference; lastKnownFileType = text.plist.xml; path = Info.plist; sourceTree = "<group>"; };
		3637FEFB2379D51800C740D9 /* TabBarViewController.swift */ = {isa = PBXFileReference; lastKnownFileType = sourcecode.swift; path = TabBarViewController.swift; sourceTree = "<group>"; };
/* End PBXFileReference section */

/* Begin PBXFrameworksBuildPhase section */
		3637FEBC2379AE8800C740D9 /* Frameworks */ = {
			isa = PBXFrameworksBuildPhase;
			buildActionMask = 2147483647;
			files = (
			);
			runOnlyForDeploymentPostprocessing = 0;
		};
		3637FED52379AE8B00C740D9 /* Frameworks */ = {
			isa = PBXFrameworksBuildPhase;
			buildActionMask = 2147483647;
			files = (
			);
			runOnlyForDeploymentPostprocessing = 0;
		};
		3637FEE02379AE8B00C740D9 /* Frameworks */ = {
			isa = PBXFrameworksBuildPhase;
			buildActionMask = 2147483647;
			files = (
			);
			runOnlyForDeploymentPostprocessing = 0;
		};
/* End PBXFrameworksBuildPhase section */

/* Begin PBXGroup section */
		3637FEB62379AE8800C740D9 = {
			isa = PBXGroup;
			children = (
				3637FEC12379AE8800C740D9 /* PlanYourDay */,
				3637FEDB2379AE8B00C740D9 /* PlanYourDayTests */,
				3637FEE62379AE8B00C740D9 /* PlanYourDayUITests */,
				3637FEC02379AE8800C740D9 /* Products */,
			);
			sourceTree = "<group>";
		};
		3637FEC02379AE8800C740D9 /* Products */ = {
			isa = PBXGroup;
			children = (
				3637FEBF2379AE8800C740D9 /* PlanYourDay.app */,
				3637FED82379AE8B00C740D9 /* PlanYourDayTests.xctest */,
				3637FEE32379AE8B00C740D9 /* PlanYourDayUITests.xctest */,
			);
			name = Products;
			sourceTree = "<group>";
		};
		3637FEC12379AE8800C740D9 /* PlanYourDay */ = {
			isa = PBXGroup;
			children = (
				3637FEC22379AE8800C740D9 /* AppDelegate.swift */,
				3637FEC42379AE8800C740D9 /* SceneDelegate.swift */,
				3637FEC62379AE8800C740D9 /* ViewController.swift */,
				3637FEC82379AE8800C740D9 /* Main.storyboard */,
				3637FECE2379AE8A00C740D9 /* Assets.xcassets */,
				3637FED02379AE8A00C740D9 /* LaunchScreen.storyboard */,
				3637FED32379AE8A00C740D9 /* Info.plist */,
				3637FECB2379AE8800C740D9 /* PlanYourDay.xcdatamodeld */,
				3637FEFB2379D51800C740D9 /* TabBarViewController.swift */,
			);
			path = PlanYourDay;
			sourceTree = "<group>";
		};
		3637FEDB2379AE8B00C740D9 /* PlanYourDayTests */ = {
			isa = PBXGroup;
			children = (
				3637FEDC2379AE8B00C740D9 /* PlanYourDayTests.swift */,
				3637FEDE2379AE8B00C740D9 /* Info.plist */,
			);
			path = PlanYourDayTests;
			sourceTree = "<group>";
		};
		3637FEE62379AE8B00C740D9 /* PlanYourDayUITests */ = {
			isa = PBXGroup;
			children = (
				3637FEE72379AE8B00C740D9 /* PlanYourDayUITests.swift */,
				3637FEE92379AE8B00C740D9 /* Info.plist */,
			);
			path = PlanYourDayUITests;
			sourceTree = "<group>";
		};
/* End PBXGroup section */

/* Begin PBXNativeTarget section */
		3637FEBE2379AE8800C740D9 /* PlanYourDay */ = {
			isa = PBXNativeTarget;
			buildConfigurationList = 3637FEEC2379AE8B00C740D9 /* Build configuration list for PBXNativeTarget "PlanYourDay" */;
			buildPhases = (
				3637FEBB2379AE8800C740D9 /* Sources */,
				3637FEBC2379AE8800C740D9 /* Frameworks */,
				3637FEBD2379AE8800C740D9 /* Resources */,
			);
			buildRules = (
			);
			dependencies = (
			);
			name = PlanYourDay;
			productName = PlanYourDay;
			productReference = 3637FEBF2379AE8800C740D9 /* PlanYourDay.app */;
			productType = "com.apple.product-type.application";
		};
		3637FED72379AE8B00C740D9 /* PlanYourDayTests */ = {
			isa = PBXNativeTarget;
			buildConfigurationList = 3637FEEF2379AE8B00C740D9 /* Build configuration list for PBXNativeTarget "PlanYourDayTests" */;
			buildPhases = (
				3637FED42379AE8B00C740D9 /* Sources */,
				3637FED52379AE8B00C740D9 /* Frameworks */,
				3637FED62379AE8B00C740D9 /* Resources */,
			);
			buildRules = (
			);
			dependencies = (
				3637FEDA2379AE8B00C740D9 /* PBXTargetDependency */,
			);
			name = PlanYourDayTests;
			productName = PlanYourDayTests;
			productReference = 3637FED82379AE8B00C740D9 /* PlanYourDayTests.xctest */;
			productType = "com.apple.product-type.bundle.unit-test";
		};
		3637FEE22379AE8B00C740D9 /* PlanYourDayUITests */ = {
			isa = PBXNativeTarget;
			buildConfigurationList = 3637FEF22379AE8B00C740D9 /* Build configuration list for PBXNativeTarget "PlanYourDayUITests" */;
			buildPhases = (
				3637FEDF2379AE8B00C740D9 /* Sources */,
				3637FEE02379AE8B00C740D9 /* Frameworks */,
				3637FEE12379AE8B00C740D9 /* Resources */,
			);
			buildRules = (
			);
			dependencies = (
				3637FEE52379AE8B00C740D9 /* PBXTargetDependency */,
			);
			name = PlanYourDayUITests;
			productName = PlanYourDayUITests;
			productReference = 3637FEE32379AE8B00C740D9 /* PlanYourDayUITests.xctest */;
			productType = "com.apple.product-type.bundle.ui-testing";
		};
/* End PBXNativeTarget section */

/* Begin PBXProject section */
		3637FEB72379AE8800C740D9 /* Project object */ = {
			isa = PBXProject;
			attributes = {
				LastSwiftUpdateCheck = 1120;
				LastUpgradeCheck = 1120;
				ORGANIZATIONNAME = "Kacper Kita";
				TargetAttributes = {
					3637FEBE2379AE8800C740D9 = {
						CreatedOnToolsVersion = 11.2;
					};
					3637FED72379AE8B00C740D9 = {
						CreatedOnToolsVersion = 11.2;
						TestTargetID = 3637FEBE2379AE8800C740D9;
					};
					3637FEE22379AE8B00C740D9 = {
						CreatedOnToolsVersion = 11.2;
						TestTargetID = 3637FEBE2379AE8800C740D9;
					};
				};
			};
			buildConfigurationList = 3637FEBA2379AE8800C740D9 /* Build configuration list for PBXProject "PlanYourDay" */;
			compatibilityVersion = "Xcode 9.3";
			developmentRegion = en;
			hasScannedForEncodings = 0;
			knownRegions = (
				en,
				Base,
			);
			mainGroup = 3637FEB62379AE8800C740D9;
			productRefGroup = 3637FEC02379AE8800C740D9 /* Products */;
			projectDirPath = "";
			projectRoot = "";
			targets = (
				3637FEBE2379AE8800C740D9 /* PlanYourDay */,
				3637FED72379AE8B00C740D9 /* PlanYourDayTests */,
				3637FEE22379AE8B00C740D9 /* PlanYourDayUITests */,
			);
		};
/* End PBXProject section */

/* Begin PBXResourcesBuildPhase section */
		3637FEBD2379AE8800C740D9 /* Resources */ = {
			isa = PBXResourcesBuildPhase;
			buildActionMask = 2147483647;
			files = (
				3637FED22379AE8A00C740D9 /* LaunchScreen.storyboard in Resources */,
				3637FECF2379AE8A00C740D9 /* Assets.xcassets in Resources */,
				3637FECA2379AE8800C740D9 /* Main.storyboard in Resources */,
			);
			runOnlyForDeploymentPostprocessing = 0;
		};
		3637FED62379AE8B00C740D9 /* Resources */ = {
			isa = PBXResourcesBuildPhase;
			buildActionMask = 2147483647;
			files = (
			);
			runOnlyForDeploymentPostprocessing = 0;
		};
		3637FEE12379AE8B00C740D9 /* Resources */ = {
			isa = PBXResourcesBuildPhase;
			buildActionMask = 2147483647;
			files = (
			);
			runOnlyForDeploymentPostprocessing = 0;
		};
/* End PBXResourcesBuildPhase section */

/* Begin PBXSourcesBuildPhase section */
		3637FEBB2379AE8800C740D9 /* Sources */ = {
			isa = PBXSourcesBuildPhase;
			buildActionMask = 2147483647;
			files = (
				3637FECD2379AE8800C740D9 /* PlanYourDay.xcdatamodeld in Sources */,
				3637FEC72379AE8800C740D9 /* ViewController.swift in Sources */,
				3637FEC32379AE8800C740D9 /* AppDelegate.swift in Sources */,
				3637FEFC2379D51800C740D9 /* TabBarViewController.swift in Sources */,
				3637FEC52379AE8800C740D9 /* SceneDelegate.swift in Sources */,
			);
			runOnlyForDeploymentPostprocessing = 0;
		};
		3637FED42379AE8B00C740D9 /* Sources */ = {
			isa = PBXSourcesBuildPhase;
			buildActionMask = 2147483647;
			files = (
				3637FEDD2379AE8B00C740D9 /* PlanYourDayTests.swift in Sources */,
			);
			runOnlyForDeploymentPostprocessing = 0;
		};
		3637FEDF2379AE8B00C740D9 /* Sources */ = {
			isa = PBXSourcesBuildPhase;
			buildActionMask = 2147483647;
			files = (
				3637FEE82379AE8B00C740D9 /* PlanYourDayUITests.swift in Sources */,
			);
			runOnlyForDeploymentPostprocessing = 0;
		};
/* End PBXSourcesBuildPhase section */

/* Begin PBXTargetDependency section */
		3637FEDA2379AE8B00C740D9 /* PBXTargetDependency */ = {
			isa = PBXTargetDependency;
			target = 3637FEBE2379AE8800C740D9 /* PlanYourDay */;
			targetProxy = 3637FED92379AE8B00C740D9 /* PBXContainerItemProxy */;
		};
		3637FEE52379AE8B00C740D9 /* PBXTargetDependency */ = {
			isa = PBXTargetDependency;
			target = 3637FEBE2379AE8800C740D9 /* PlanYourDay */;
			targetProxy = 3637FEE42379AE8B00C740D9 /* PBXContainerItemProxy */;
		};
/* End PBXTargetDependency section */

/* Begin PBXVariantGroup section */
		3637FEC82379AE8800C740D9 /* Main.storyboard */ = {
			isa = PBXVariantGroup;
			children = (
				3637FEC92379AE8800C740D9 /* Base */,
			);
			name = Main.storyboard;
			sourceTree = "<group>";
		};
		3637FED02379AE8A00C740D9 /* LaunchScreen.storyboard */ = {
			isa = PBXVariantGroup;
			children = (
				3637FED12379AE8A00C740D9 /* Base */,
			);
			name = LaunchScreen.storyboard;
			sourceTree = "<group>";
		};
/* End PBXVariantGroup section */

/* Begin XCBuildConfiguration section */
		3637FEEA2379AE8B00C740D9 /* Debug */ = {
			isa = XCBuildConfiguration;
			buildSettings = {
				ALWAYS_SEARCH_USER_PATHS = NO;
				CLANG_ANALYZER_NONNULL = YES;
				CLANG_ANALYZER_NUMBER_OBJECT_CONVERSION = YES_AGGRESSIVE;
				CLANG_CXX_LANGUAGE_STANDARD = "gnu++14";
				CLANG_CXX_LIBRARY = "libc++";
				CLANG_ENABLE_MODULES = YES;
				CLANG_ENABLE_OBJC_ARC = YES;
				CLANG_ENABLE_OBJC_WEAK = YES;
				CLANG_WARN_BLOCK_CAPTURE_AUTORELEASING = YES;
				CLANG_WARN_BOOL_CONVERSION = YES;
				CLANG_WARN_COMMA = YES;
				CLANG_WARN_CONSTANT_CONVERSION = YES;
				CLANG_WARN_DEPRECATED_OBJC_IMPLEMENTATIONS = YES;
				CLANG_WARN_DIRECT_OBJC_ISA_USAGE = YES_ERROR;
				CLANG_WARN_DOCUMENTATION_COMMENTS = YES;
				CLANG_WARN_EMPTY_BODY = YES;
				CLANG_WARN_ENUM_CONVERSION = YES;
				CLANG_WARN_INFINITE_RECURSION = YES;
				CLANG_WARN_INT_CONVERSION = YES;
				CLANG_WARN_NON_LITERAL_NULL_CONVERSION = YES;
				CLANG_WARN_OBJC_IMPLICIT_RETAIN_SELF = YES;
				CLANG_WARN_OBJC_LITERAL_CONVERSION = YES;
				CLANG_WARN_OBJC_ROOT_CLASS = YES_ERROR;
				CLANG_WARN_RANGE_LOOP_ANALYSIS = YES;
				CLANG_WARN_STRICT_PROTOTYPES = YES;
				CLANG_WARN_SUSPICIOUS_MOVE = YES;
				CLANG_WARN_UNGUARDED_AVAILABILITY = YES_AGGRESSIVE;
				CLANG_WARN_UNREACHABLE_CODE = YES;
				CLANG_WARN__DUPLICATE_METHOD_MATCH = YES;
				COPY_PHASE_STRIP = NO;
				DEBUG_INFORMATION_FORMAT = dwarf;
				ENABLE_STRICT_OBJC_MSGSEND = YES;
				ENABLE_TESTABILITY = YES;
				GCC_C_LANGUAGE_STANDARD = gnu11;
				GCC_DYNAMIC_NO_PIC = NO;
				GCC_NO_COMMON_BLOCKS = YES;
				GCC_OPTIMIZATION_LEVEL = 0;
				GCC_PREPROCESSOR_DEFINITIONS = (
					"DEBUG=1",
					"$(inherited)",
				);
				GCC_WARN_64_TO_32_BIT_CONVERSION = YES;
				GCC_WARN_ABOUT_RETURN_TYPE = YES_ERROR;
				GCC_WARN_UNDECLARED_SELECTOR = YES;
				GCC_WARN_UNINITIALIZED_AUTOS = YES_AGGRESSIVE;
				GCC_WARN_UNUSED_FUNCTION = YES;
				GCC_WARN_UNUSED_VARIABLE = YES;
				IPHONEOS_DEPLOYMENT_TARGET = 13.2;
				MTL_ENABLE_DEBUG_INFO = INCLUDE_SOURCE;
				MTL_FAST_MATH = YES;
				ONLY_ACTIVE_ARCH = YES;
				SDKROOT = iphoneos;
				SWIFT_ACTIVE_COMPILATION_CONDITIONS = DEBUG;
				SWIFT_OPTIMIZATION_LEVEL = "-Onone";
			};
			name = Debug;
		};
		3637FEEB2379AE8B00C740D9 /* Release */ = {
			isa = XCBuildConfiguration;
			buildSettings = {
				ALWAYS_SEARCH_USER_PATHS = NO;
				CLANG_ANALYZER_NONNULL = YES;
				CLANG_ANALYZER_NUMBER_OBJECT_CONVERSION = YES_AGGRESSIVE;
				CLANG_CXX_LANGUAGE_STANDARD = "gnu++14";
				CLANG_CXX_LIBRARY = "libc++";
				CLANG_ENABLE_MODULES = YES;
				CLANG_ENABLE_OBJC_ARC = YES;
				CLANG_ENABLE_OBJC_WEAK = YES;
				CLANG_WARN_BLOCK_CAPTURE_AUTORELEASING = YES;
				CLANG_WARN_BOOL_CONVERSION = YES;
				CLANG_WARN_COMMA = YES;
				CLANG_WARN_CONSTANT_CONVERSION = YES;
				CLANG_WARN_DEPRECATED_OBJC_IMPLEMENTATIONS = YES;
				CLANG_WARN_DIRECT_OBJC_ISA_USAGE = YES_ERROR;
				CLANG_WARN_DOCUMENTATION_COMMENTS = YES;
				CLANG_WARN_EMPTY_BODY = YES;
				CLANG_WARN_ENUM_CONVERSION = YES;
				CLANG_WARN_INFINITE_RECURSION = YES;
				CLANG_WARN_INT_CONVERSION = YES;
				CLANG_WARN_NON_LITERAL_NULL_CONVERSION = YES;
				CLANG_WARN_OBJC_IMPLICIT_RETAIN_SELF = YES;
				CLANG_WARN_OBJC_LITERAL_CONVERSION = YES;
				CLANG_WARN_OBJC_ROOT_CLASS = YES_ERROR;
				CLANG_WARN_RANGE_LOOP_ANALYSIS = YES;
				CLANG_WARN_STRICT_PROTOTYPES = YES;
				CLANG_WARN_SUSPICIOUS_MOVE = YES;
				CLANG_WARN_UNGUARDED_AVAILABILITY = YES_AGGRESSIVE;
				CLANG_WARN_UNREACHABLE_CODE = YES;
				CLANG_WARN__DUPLICATE_METHOD_MATCH = YES;
				COPY_PHASE_STRIP = NO;
				DEBUG_INFORMATION_FORMAT = "dwarf-with-dsym";
				ENABLE_NS_ASSERTIONS = NO;
				ENABLE_STRICT_OBJC_MSGSEND = YES;
				GCC_C_LANGUAGE_STANDARD = gnu11;
				GCC_NO_COMMON_BLOCKS = YES;
				GCC_WARN_64_TO_32_BIT_CONVERSION = YES;
				GCC_WARN_ABOUT_RETURN_TYPE = YES_ERROR;
				GCC_WARN_UNDECLARED_SELECTOR = YES;
				GCC_WARN_UNINITIALIZED_AUTOS = YES_AGGRESSIVE;
				GCC_WARN_UNUSED_FUNCTION = YES;
				GCC_WARN_UNUSED_VARIABLE = YES;
				IPHONEOS_DEPLOYMENT_TARGET = 13.2;
				MTL_ENABLE_DEBUG_INFO = NO;
				MTL_FAST_MATH = YES;
				SDKROOT = iphoneos;
				SWIFT_COMPILATION_MODE = wholemodule;
				SWIFT_OPTIMIZATION_LEVEL = "-O";
				VALIDATE_PRODUCT = YES;
			};
			name = Release;
		};
		3637FEED2379AE8B00C740D9 /* Debug */ = {
			isa = XCBuildConfiguration;
			buildSettings = {
				ASSETCATALOG_COMPILER_APPICON_NAME = AppIcon;
				CODE_SIGN_STYLE = Automatic;
				DEVELOPMENT_TEAM = RJ86Z2T5ST;
				INFOPLIST_FILE = PlanYourDay/Info.plist;
				LD_RUNPATH_SEARCH_PATHS = (
					"$(inherited)",
					"@executable_path/Frameworks",
				);
				PRODUCT_BUNDLE_IDENTIFIER = KK.Aplication.PlanYourDay;
				PRODUCT_NAME = "$(TARGET_NAME)";
				SWIFT_VERSION = 5.0;
				TARGETED_DEVICE_FAMILY = 1;
			};
			name = Debug;
		};
		3637FEEE2379AE8B00C740D9 /* Release */ = {
			isa = XCBuildConfiguration;
			buildSettings = {
				ASSETCATALOG_COMPILER_APPICON_NAME = AppIcon;
				CODE_SIGN_STYLE = Automatic;
				DEVELOPMENT_TEAM = RJ86Z2T5ST;
				INFOPLIST_FILE = PlanYourDay/Info.plist;
				LD_RUNPATH_SEARCH_PATHS = (
					"$(inherited)",
					"@executable_path/Frameworks",
				);
				PRODUCT_BUNDLE_IDENTIFIER = KK.Aplication.PlanYourDay;
				PRODUCT_NAME = "$(TARGET_NAME)";
				SWIFT_VERSION = 5.0;
				TARGETED_DEVICE_FAMILY = 1;
			};
			name = Release;
		};
		3637FEF02379AE8B00C740D9 /* Debug */ = {
			isa = XCBuildConfiguration;
			buildSettings = {
				ALWAYS_EMBED_SWIFT_STANDARD_LIBRARIES = YES;
				BUNDLE_LOADER = "$(TEST_HOST)";
				CODE_SIGN_STYLE = Automatic;
				DEVELOPMENT_TEAM = RJ86Z2T5ST;
				INFOPLIST_FILE = PlanYourDayTests/Info.plist;
				IPHONEOS_DEPLOYMENT_TARGET = 13.2;
				LD_RUNPATH_SEARCH_PATHS = (
					"$(inherited)",
					"@executable_path/Frameworks",
					"@loader_path/Frameworks",
				);
				PRODUCT_BUNDLE_IDENTIFIER = KK.Aplication.PlanYourDayTests;
				PRODUCT_NAME = "$(TARGET_NAME)";
				SWIFT_VERSION = 5.0;
				TARGETED_DEVICE_FAMILY = "1,2";
				TEST_HOST = "$(BUILT_PRODUCTS_DIR)/PlanYourDay.app/PlanYourDay";
			};
			name = Debug;
		};
		3637FEF12379AE8B00C740D9 /* Release */ = {
			isa = XCBuildConfiguration;
			buildSettings = {
				ALWAYS_EMBED_SWIFT_STANDARD_LIBRARIES = YES;
				BUNDLE_LOADER = "$(TEST_HOST)";
				CODE_SIGN_STYLE = Automatic;
				DEVELOPMENT_TEAM = RJ86Z2T5ST;
				INFOPLIST_FILE = PlanYourDayTests/Info.plist;
				IPHONEOS_DEPLOYMENT_TARGET = 13.2;
				LD_RUNPATH_SEARCH_PATHS = (
					"$(inherited)",
					"@executable_path/Frameworks",
					"@loader_path/Frameworks",
				);
				PRODUCT_BUNDLE_IDENTIFIER = KK.Aplication.PlanYourDayTests;
				PRODUCT_NAME = "$(TARGET_NAME)";
				SWIFT_VERSION = 5.0;
				TARGETED_DEVICE_FAMILY = "1,2";
				TEST_HOST = "$(BUILT_PRODUCTS_DIR)/PlanYourDay.app/PlanYourDay";
			};
			name = Release;
		};
		3637FEF32379AE8B00C740D9 /* Debug */ = {
			isa = XCBuildConfiguration;
			buildSettings = {
				ALWAYS_EMBED_SWIFT_STANDARD_LIBRARIES = YES;
				CODE_SIGN_STYLE = Automatic;
				DEVELOPMENT_TEAM = RJ86Z2T5ST;
				INFOPLIST_FILE = PlanYourDayUITests/Info.plist;
				LD_RUNPATH_SEARCH_PATHS = (
					"$(inherited)",
					"@executable_path/Frameworks",
					"@loader_path/Frameworks",
				);
				PRODUCT_BUNDLE_IDENTIFIER = KK.Aplication.PlanYourDayUITests;
				PRODUCT_NAME = "$(TARGET_NAME)";
				SWIFT_VERSION = 5.0;
				TARGETED_DEVICE_FAMILY = "1,2";
				TEST_TARGET_NAME = PlanYourDay;
			};
			name = Debug;
		};
		3637FEF42379AE8B00C740D9 /* Release */ = {
			isa = XCBuildConfiguration;
			buildSettings = {
				ALWAYS_EMBED_SWIFT_STANDARD_LIBRARIES = YES;
				CODE_SIGN_STYLE = Automatic;
				DEVELOPMENT_TEAM = RJ86Z2T5ST;
				INFOPLIST_FILE = PlanYourDayUITests/Info.plist;
				LD_RUNPATH_SEARCH_PATHS = (
					"$(inherited)",
					"@executable_path/Frameworks",
					"@loader_path/Frameworks",
				);
				PRODUCT_BUNDLE_IDENTIFIER = KK.Aplication.PlanYourDayUITests;
				PRODUCT_NAME = "$(TARGET_NAME)";
				SWIFT_VERSION = 5.0;
				TARGETED_DEVICE_FAMILY = "1,2";
				TEST_TARGET_NAME = PlanYourDay;
			};
			name = Release;
		};
/* End XCBuildConfiguration section */

/* Begin XCConfigurationList section */
		3637FEBA2379AE8800C740D9 /* Build configuration list for PBXProject "PlanYourDay" */ = {
			isa = XCConfigurationList;
			buildConfigurations = (
				3637FEEA2379AE8B00C740D9 /* Debug */,
				3637FEEB2379AE8B00C740D9 /* Release */,
			);
			defaultConfigurationIsVisible = 0;
			defaultConfigurationName = Release;
		};
		3637FEEC2379AE8B00C740D9 /* Build configuration list for PBXNativeTarget "PlanYourDay" */ = {
			isa = XCConfigurationList;
			buildConfigurations = (
				3637FEED2379AE8B00C740D9 /* Debug */,
				3637FEEE2379AE8B00C740D9 /* Release */,
			);
			defaultConfigurationIsVisible = 0;
			defaultConfigurationName = Release;
		};
		3637FEEF2379AE8B00C740D9 /* Build configuration list for PBXNativeTarget "PlanYourDayTests" */ = {
			isa = XCConfigurationList;
			buildConfigurations = (
				3637FEF02379AE8B00C740D9 /* Debug */,
				3637FEF12379AE8B00C740D9 /* Release */,
			);
			defaultConfigurationIsVisible = 0;
			defaultConfigurationName = Release;
		};
		3637FEF22379AE8B00C740D9 /* Build configuration list for PBXNativeTarget "PlanYourDayUITests" */ = {
			isa = XCConfigurationList;
			buildConfigurations = (
				3637FEF32379AE8B00C740D9 /* Debug */,
				3637FEF42379AE8B00C740D9 /* Release */,
			);
			defaultConfigurationIsVisible = 0;
			defaultConfigurationName = Release;
		};
/* End XCConfigurationList section */

/* Begin XCVersionGroup section */
		3637FECB2379AE8800C740D9 /* PlanYourDay.xcdatamodeld */ = {
			isa = XCVersionGroup;
			children = (
				3637FECC2379AE8800C740D9 /* PlanYourDay.xcdatamodel */,
			);
			currentVersion = 3637FECC2379AE8800C740D9 /* PlanYourDay.xcdatamodel */;
			path = PlanYourDay.xcdatamodeld;
			sourceTree = "<group>";
			versionGroupType = wrapper.xcdatamodel;
		};
/* End XCVersionGroup section */
	};
	rootObject = 3637FEB72379AE8800C740D9 /* Project object */;
}
